{
  "name": "zooscan-monorepo",
  "lockfileVersion": 3,
  "requires": true,
  "packages": {
    "": {
      "name": "zooscan-monorepo",
      "workspaces": [
        "client/visitor",
        "client/staff",
        "server"
      ]
    },
    "..": {
      "name": "zooscan-monorepo",
      "version": "1.0.0",
      "extraneous": true,
      "devDependencies": {
        "concurrently": "^8.2.2"
      }
    }
  }
}
